// !$*UTF8*$!
{
	archiveVersion = 1;
	classes = {
	};
	objectVersion = 50;
	objects = {

/* Begin PBXBuildFile section */
		9A55532F235D5CD40030F480 /* AppDelegate.swift in Sources */ = {isa = PBXBuildFile; fileRef = 9A55532E235D5CD40030F480 /* AppDelegate.swift */; };
		9A555331235D5CD40030F480 /* SceneDelegate.swift in Sources */ = {isa = PBXBuildFile; fileRef = 9A555330235D5CD40030F480 /* SceneDelegate.swift */; };
		9A555333235D5CD40030F480 /* ContentView.swift in Sources */ = {isa = PBXBuildFile; fileRef = 9A555332235D5CD40030F480 /* ContentView.swift */; };
		9A555335235D5CD60030F480 /* Assets.xcassets in Resources */ = {isa = PBXBuildFile; fileRef = 9A555334235D5CD60030F480 /* Assets.xcassets */; };
		9A555338235D5CD60030F480 /* Preview Assets.xcassets in Resources */ = {isa = PBXBuildFile; fileRef = 9A555337235D5CD60030F480 /* Preview Assets.xcassets */; };
		9A55533B235D5CD60030F480 /* LaunchScreen.storyboard in Resources */ = {isa = PBXBuildFile; fileRef = 9A555339235D5CD60030F480 /* LaunchScreen.storyboard */; };
		9A555346235D5CD60030F480 /* FlowerSwiftUITests.swift in Sources */ = {isa = PBXBuildFile; fileRef = 9A555345235D5CD60030F480 /* FlowerSwiftUITests.swift */; };
		9A555351235D5CD60030F480 /* FlowerSwiftUIUITests.swift in Sources */ = {isa = PBXBuildFile; fileRef = 9A555350235D5CD60030F480 /* FlowerSwiftUIUITests.swift */; };
/* End PBXBuildFile section */

/* Begin PBXContainerItemProxy section */
		9A555342235D5CD60030F480 /* PBXContainerItemProxy */ = {
			isa = PBXContainerItemProxy;
			containerPortal = 9A555323235D5CD40030F480 /* Project object */;
			proxyType = 1;
			remoteGlobalIDString = 9A55532A235D5CD40030F480;
			remoteInfo = FlowerSwiftUI;
		};
		9A55534D235D5CD60030F480 /* PBXContainerItemProxy */ = {
			isa = PBXContainerItemProxy;
			containerPortal = 9A555323235D5CD40030F480 /* Project object */;
			proxyType = 1;
			remoteGlobalIDString = 9A55532A235D5CD40030F480;
			remoteInfo = FlowerSwiftUI;
		};
/* End PBXContainerItemProxy section */

/* Begin PBXFileReference section */
		9A55532B235D5CD40030F480 /* FlowerSwiftUI.app */ = {isa = PBXFileReference; explicitFileType = wrapper.application; includeInIndex = 0; path = FlowerSwiftUI.app; sourceTree = BUILT_PRODUCTS_DIR; };
		9A55532E235D5CD40030F480 /* AppDelegate.swift */ = {isa = PBXFileReference; lastKnownFileType = sourcecode.swift; path = AppDelegate.swift; sourceTree = "<group>"; };
		9A555330235D5CD40030F480 /* SceneDelegate.swift */ = {isa = PBXFileReference; lastKnownFileType = sourcecode.swift; path = SceneDelegate.swift; sourceTree = "<group>"; };
		9A555332235D5CD40030F480 /* ContentView.swift */ = {isa = PBXFileReference; lastKnownFileType = sourcecode.swift; path = ContentView.swift; sourceTree = "<group>"; };
		9A555334235D5CD60030F480 /* Assets.xcassets */ = {isa = PBXFileReference; lastKnownFileType = folder.assetcatalog; path = Assets.xcassets; sourceTree = "<group>"; };
		9A555337235D5CD60030F480 /* Preview Assets.xcassets */ = {isa = PBXFileReference; lastKnownFileType = folder.assetcatalog; path = "Preview Assets.xcassets"; sourceTree = "<group>"; };
		9A55533A235D5CD60030F480 /* Base */ = {isa = PBXFileReference; lastKnownFileType = file.storyboard; name = Base; path = Base.lproj/LaunchScreen.storyboard; sourceTree = "<group>"; };
		9A55533C235D5CD60030F480 /* Info.plist */ = {isa = PBXFileReference; lastKnownFileType = text.plist.xml; path = Info.plist; sourceTree = "<group>"; };
		9A555341235D5CD60030F480 /* FlowerSwiftUITests.xctest */ = {isa = PBXFileReference; explicitFileType = wrapper.cfbundle; includeInIndex = 0; path = FlowerSwiftUITests.xctest; sourceTree = BUILT_PRODUCTS_DIR; };
		9A555345235D5CD60030F480 /* FlowerSwiftUITests.swift */ = {isa = PBXFileReference; lastKnownFileType = sourcecode.swift; path = FlowerSwiftUITests.swift; sourceTree = "<group>"; };
		9A555347235D5CD60030F480 /* Info.plist */ = {isa = PBXFileReference; lastKnownFileType = text.plist.xml; path = Info.plist; sourceTree = "<group>"; };
		9A55534C235D5CD60030F480 /* FlowerSwiftUIUITests.xctest */ = {isa = PBXFileReference; explicitFileType = wrapper.cfbundle; includeInIndex = 0; path = FlowerSwiftUIUITests.xctest; sourceTree = BUILT_PRODUCTS_DIR; };
		9A555350235D5CD60030F480 /* FlowerSwiftUIUITests.swift */ = {isa = PBXFileReference; lastKnownFileType = sourcecode.swift; path = FlowerSwiftUIUITests.swift; sourceTree = "<group>"; };
		9A555352235D5CD60030F480 /* Info.plist */ = {isa = PBXFileReference; lastKnownFileType = text.plist.xml; path = Info.plist; sourceTree = "<group>"; };
/* End PBXFileReference section */

/* Begin PBXFrameworksBuildPhase section */
		9A555328235D5CD40030F480 /* Frameworks */ = {
			isa = PBXFrameworksBuildPhase;
			buildActionMask = 2147483647;
			files = (
			);
			runOnlyForDeploymentPostprocessing = 0;
		};
		9A55533E235D5CD60030F480 /* Frameworks */ = {
			isa = PBXFrameworksBuildPhase;
			buildActionMask = 2147483647;
			files = (
			);
			runOnlyForDeploymentPostprocessing = 0;
		};
		9A555349235D5CD60030F480 /* Frameworks */ = {
			isa = PBXFrameworksBuildPhase;
			buildActionMask = 2147483647;
			files = (
			);
			runOnlyForDeploymentPostprocessing = 0;
		};
/* End PBXFrameworksBuildPhase section */

/* Begin PBXGroup section */
		9A555322235D5CD40030F480 = {
			isa = PBXGroup;
			children = (
				9A55532D235D5CD40030F480 /* FlowerSwiftUI */,
				9A555344235D5CD60030F480 /* FlowerSwiftUITests */,
				9A55534F235D5CD60030F480 /* FlowerSwiftUIUITests */,
				9A55532C235D5CD40030F480 /* Products */,
			);
			sourceTree = "<group>";
		};
		9A55532C235D5CD40030F480 /* Products */ = {
			isa = PBXGroup;
			children = (
				9A55532B235D5CD40030F480 /* FlowerSwiftUI.app */,
				9A555341235D5CD60030F480 /* FlowerSwiftUITests.xctest */,
				9A55534C235D5CD60030F480 /* FlowerSwiftUIUITests.xctest */,
			);
			name = Products;
			sourceTree = "<group>";
		};
		9A55532D235D5CD40030F480 /* FlowerSwiftUI */ = {
			isa = PBXGroup;
			children = (
				9A55532E235D5CD40030F480 /* AppDelegate.swift */,
				9A555330235D5CD40030F480 /* SceneDelegate.swift */,
				9A555332235D5CD40030F480 /* ContentView.swift */,
				9A555334235D5CD60030F480 /* Assets.xcassets */,
				9A555339235D5CD60030F480 /* LaunchScreen.storyboard */,
				9A55533C235D5CD60030F480 /* Info.plist */,
				9A555336235D5CD60030F480 /* Preview Content */,
			);
			path = FlowerSwiftUI;
			sourceTree = "<group>";
		};
		9A555336235D5CD60030F480 /* Preview Content */ = {
			isa = PBXGroup;
			children = (
				9A555337235D5CD60030F480 /* Preview Assets.xcassets */,
			);
			path = "Preview Content";
			sourceTree = "<group>";
		};
		9A555344235D5CD60030F480 /* FlowerSwiftUITests */ = {
			isa = PBXGroup;
			children = (
				9A555345235D5CD60030F480 /* FlowerSwiftUITests.swift */,
				9A555347235D5CD60030F480 /* Info.plist */,
			);
			path = FlowerSwiftUITests;
			sourceTree = "<group>";
		};
		9A55534F235D5CD60030F480 /* FlowerSwiftUIUITests */ = {
			isa = PBXGroup;
			children = (
				9A555350235D5CD60030F480 /* FlowerSwiftUIUITests.swift */,
				9A555352235D5CD60030F480 /* Info.plist */,
			);
			path = FlowerSwiftUIUITests;
			sourceTree = "<group>";
		};
/* End PBXGroup section */

/* Begin PBXNativeTarget section */
		9A55532A235D5CD40030F480 /* FlowerSwiftUI */ = {
			isa = PBXNativeTarget;
			buildConfigurationList = 9A555355235D5CD60030F480 /* Build configuration list for PBXNativeTarget "FlowerSwiftUI" */;
			buildPhases = (
				9A555327235D5CD40030F480 /* Sources */,
				9A555328235D5CD40030F480 /* Frameworks */,
				9A555329235D5CD40030F480 /* Resources */,
			);
			buildRules = (
			);
			dependencies = (
			);
			name = FlowerSwiftUI;
			productName = FlowerSwiftUI;
			productReference = 9A55532B235D5CD40030F480 /* FlowerSwiftUI.app */;
			productType = "com.apple.product-type.application";
		};
		9A555340235D5CD60030F480 /* FlowerSwiftUITests */ = {
			isa = PBXNativeTarget;
			buildConfigurationList = 9A555358235D5CD60030F480 /* Build configuration list for PBXNativeTarget "FlowerSwiftUITests" */;
			buildPhases = (
				9A55533D235D5CD60030F480 /* Sources */,
				9A55533E235D5CD60030F480 /* Frameworks */,
				9A55533F235D5CD60030F480 /* Resources */,
			);
			buildRules = (
			);
			dependencies = (
				9A555343235D5CD60030F480 /* PBXTargetDependency */,
			);
			name = FlowerSwiftUITests;
			productName = FlowerSwiftUITests;
			productReference = 9A555341235D5CD60030F480 /* FlowerSwiftUITests.xctest */;
			productType = "com.apple.product-type.bundle.unit-test";
		};
		9A55534B235D5CD60030F480 /* FlowerSwiftUIUITests */ = {
			isa = PBXNativeTarget;
			buildConfigurationList = 9A55535B235D5CD60030F480 /* Build configuration list for PBXNativeTarget "FlowerSwiftUIUITests" */;
			buildPhases = (
				9A555348235D5CD60030F480 /* Sources */,
				9A555349235D5CD60030F480 /* Frameworks */,
				9A55534A235D5CD60030F480 /* Resources */,
			);
			buildRules = (
			);
			dependencies = (
				9A55534E235D5CD60030F480 /* PBXTargetDependency */,
			);
			name = FlowerSwiftUIUITests;
			productName = FlowerSwiftUIUITests;
			productReference = 9A55534C235D5CD60030F480 /* FlowerSwiftUIUITests.xctest */;
			productType = "com.apple.product-type.bundle.ui-testing";
		};
/* End PBXNativeTarget section */

/* Begin PBXProject section */
		9A555323235D5CD40030F480 /* Project object */ = {
			isa = PBXProject;
			attributes = {
				LastSwiftUpdateCheck = 1110;
				LastUpgradeCheck = 1110;
				ORGANIZATIONNAME = buckner;
				TargetAttributes = {
					9A55532A235D5CD40030F480 = {
						CreatedOnToolsVersion = 11.1;
					};
					9A555340235D5CD60030F480 = {
						CreatedOnToolsVersion = 11.1;
						TestTargetID = 9A55532A235D5CD40030F480;
					};
					9A55534B235D5CD60030F480 = {
						CreatedOnToolsVersion = 11.1;
						TestTargetID = 9A55532A235D5CD40030F480;
					};
				};
			};
			buildConfigurationList = 9A555326235D5CD40030F480 /* Build configuration list for PBXProject "FlowerSwiftUI" */;
			compatibilityVersion = "Xcode 9.3";
			developmentRegion = en;
			hasScannedForEncodings = 0;
			knownRegions = (
				en,
				Base,
			);
			mainGroup = 9A555322235D5CD40030F480;
			productRefGroup = 9A55532C235D5CD40030F480 /* Products */;
			projectDirPath = "";
			projectRoot = "";
			targets = (
				9A55532A235D5CD40030F480 /* FlowerSwiftUI */,
				9A555340235D5CD60030F480 /* FlowerSwiftUITests */,
				9A55534B235D5CD60030F480 /* FlowerSwiftUIUITests */,
			);
		};
/* End PBXProject section */

/* Begin PBXResourcesBuildPhase section */
		9A555329235D5CD40030F480 /* Resources */ = {
			isa = PBXResourcesBuildPhase;
			buildActionMask = 2147483647;
			files = (
				9A55533B235D5CD60030F480 /* LaunchScreen.storyboard in Resources */,
				9A555338235D5CD60030F480 /* Preview Assets.xcassets in Resources */,
				9A555335235D5CD60030F480 /* Assets.xcassets in Resources */,
			);
			runOnlyForDeploymentPostprocessing = 0;
		};
		9A55533F235D5CD60030F480 /* Resources */ = {
			isa = PBXResourcesBuildPhase;
			buildActionMask = 2147483647;
			files = (
			);
			runOnlyForDeploymentPostprocessing = 0;
		};
		9A55534A235D5CD60030F480 /* Resources */ = {
			isa = PBXResourcesBuildPhase;
			buildActionMask = 2147483647;
			files = (
			);
			runOnlyForDeploymentPostprocessing = 0;
		};
/* End PBXResourcesBuildPhase section */

/* Begin PBXSourcesBuildPhase section */
		9A555327235D5CD40030F480 /* Sources */ = {
			isa = PBXSourcesBuildPhase;
			buildActionMask = 2147483647;
			files = (
				9A55532F235D5CD40030F480 /* AppDelegate.swift in Sources */,
				9A555331235D5CD40030F480 /* SceneDelegate.swift in Sources */,
				9A555333235D5CD40030F480 /* ContentView.swift in Sources */,
			);
			runOnlyForDeploymentPostprocessing = 0;
		};
		9A55533D235D5CD60030F480 /* Sources */ = {
			isa = PBXSourcesBuildPhase;
			buildActionMask = 2147483647;
			files = (
				9A555346235D5CD60030F480 /* FlowerSwiftUITests.swift in Sources */,
			);
			runOnlyForDeploymentPostprocessing = 0;
		};
		9A555348235D5CD60030F480 /* Sources */ = {
			isa = PBXSourcesBuildPhase;
			buildActionMask = 2147483647;
			files = (
				9A555351235D5CD60030F480 /* FlowerSwiftUIUITests.swift in Sources */,
			);
			runOnlyForDeploymentPostprocessing = 0;
		};
/* End PBXSourcesBuildPhase section */

/* Begin PBXTargetDependency section */
		9A555343235D5CD60030F480 /* PBXTargetDependency */ = {
			isa = PBXTargetDependency;
			target = 9A55532A235D5CD40030F480 /* FlowerSwiftUI */;
			targetProxy = 9A555342235D5CD60030F480 /* PBXContainerItemProxy */;
		};
		9A55534E235D5CD60030F480 /* PBXTargetDependency */ = {
			isa = PBXTargetDependency;
			target = 9A55532A235D5CD40030F480 /* FlowerSwiftUI */;
			targetProxy = 9A55534D235D5CD60030F480 /* PBXContainerItemProxy */;
		};
/* End PBXTargetDependency section */

/* Begin PBXVariantGroup section */
		9A555339235D5CD60030F480 /* LaunchScreen.storyboard */ = {
			isa = PBXVariantGroup;
			children = (
				9A55533A235D5CD60030F480 /* Base */,
			);
			name = LaunchScreen.storyboard;
			sourceTree = "<group>";
		};
/* End PBXVariantGroup section */

/* Begin XCBuildConfiguration section */
		9A555353235D5CD60030F480 /* Debug */ = {
			isa = XCBuildConfiguration;
			buildSettings = {
				ALWAYS_SEARCH_USER_PATHS = NO;
				CLANG_ANALYZER_NONNULL = YES;
				CLANG_ANALYZER_NUMBER_OBJECT_CONVERSION = YES_AGGRESSIVE;
				CLANG_CXX_LANGUAGE_STANDARD = "gnu++14";
				CLANG_CXX_LIBRARY = "libc++";
				CLANG_ENABLE_MODULES = YES;
				CLANG_ENABLE_OBJC_ARC = YES;
				CLANG_ENABLE_OBJC_WEAK = YES;
				CLANG_WARN_BLOCK_CAPTURE_AUTORELEASING = YES;
				CLANG_WARN_BOOL_CONVERSION = YES;
				CLANG_WARN_COMMA = YES;
				CLANG_WARN_CONSTANT_CONVERSION = YES;
				CLANG_WARN_DEPRECATED_OBJC_IMPLEMENTATIONS = YES;
				CLANG_WARN_DIRECT_OBJC_ISA_USAGE = YES_ERROR;
				CLANG_WARN_DOCUMENTATION_COMMENTS = YES;
				CLANG_WARN_EMPTY_BODY = YES;
				CLANG_WARN_ENUM_CONVERSION = YES;
				CLANG_WARN_INFINITE_RECURSION = YES;
				CLANG_WARN_INT_CONVERSION = YES;
				CLANG_WARN_NON_LITERAL_NULL_CONVERSION = YES;
				CLANG_WARN_OBJC_IMPLICIT_RETAIN_SELF = YES;
				CLANG_WARN_OBJC_LITERAL_CONVERSION = YES;
				CLANG_WARN_OBJC_ROOT_CLASS = YES_ERROR;
				CLANG_WARN_RANGE_LOOP_ANALYSIS = YES;
				CLANG_WARN_STRICT_PROTOTYPES = YES;
				CLANG_WARN_SUSPICIOUS_MOVE = YES;
				CLANG_WARN_UNGUARDED_AVAILABILITY = YES_AGGRESSIVE;
				CLANG_WARN_UNREACHABLE_CODE = YES;
				CLANG_WARN__DUPLICATE_METHOD_MATCH = YES;
				COPY_PHASE_STRIP = NO;
				DEBUG_INFORMATION_FORMAT = dwarf;
				ENABLE_STRICT_OBJC_MSGSEND = YES;
				ENABLE_TESTABILITY = YES;
				GCC_C_LANGUAGE_STANDARD = gnu11;
				GCC_DYNAMIC_NO_PIC = NO;
				GCC_NO_COMMON_BLOCKS = YES;
				GCC_OPTIMIZATION_LEVEL = 0;
				GCC_PREPROCESSOR_DEFINITIONS = (
					"DEBUG=1",
					"$(inherited)",
				);
				GCC_WARN_64_TO_32_BIT_CONVERSION = YES;
				GCC_WARN_ABOUT_RETURN_TYPE = YES_ERROR;
				GCC_WARN_UNDECLARED_SELECTOR = YES;
				GCC_WARN_UNINITIALIZED_AUTOS = YES_AGGRESSIVE;
				GCC_WARN_UNUSED_FUNCTION = YES;
				GCC_WARN_UNUSED_VARIABLE = YES;
				IPHONEOS_DEPLOYMENT_TARGET = 13.1;
				MTL_ENABLE_DEBUG_INFO = INCLUDE_SOURCE;
				MTL_FAST_MATH = YES;
				ONLY_ACTIVE_ARCH = YES;
				SDKROOT = iphoneos;
				SWIFT_ACTIVE_COMPILATION_CONDITIONS = DEBUG;
				SWIFT_OPTIMIZATION_LEVEL = "-Onone";
			};
			name = Debug;
		};
		9A555354235D5CD60030F480 /* Release */ = {
			isa = XCBuildConfiguration;
			buildSettings = {
				ALWAYS_SEARCH_USER_PATHS = NO;
				CLANG_ANALYZER_NONNULL = YES;
				CLANG_ANALYZER_NUMBER_OBJECT_CONVERSION = YES_AGGRESSIVE;
				CLANG_CXX_LANGUAGE_STANDARD = "gnu++14";
				CLANG_CXX_LIBRARY = "libc++";
				CLANG_ENABLE_MODULES = YES;
				CLANG_ENABLE_OBJC_ARC = YES;
				CLANG_ENABLE_OBJC_WEAK = YES;
				CLANG_WARN_BLOCK_CAPTURE_AUTORELEASING = YES;
				CLANG_WARN_BOOL_CONVERSION = YES;
				CLANG_WARN_COMMA = YES;
				CLANG_WARN_CONSTANT_CONVERSION = YES;
				CLANG_WARN_DEPRECATED_OBJC_IMPLEMENTATIONS = YES;
				CLANG_WARN_DIRECT_OBJC_ISA_USAGE = YES_ERROR;
				CLANG_WARN_DOCUMENTATION_COMMENTS = YES;
				CLANG_WARN_EMPTY_BODY = YES;
				CLANG_WARN_ENUM_CONVERSION = YES;
				CLANG_WARN_INFINITE_RECURSION = YES;
				CLANG_WARN_INT_CONVERSION = YES;
				CLANG_WARN_NON_LITERAL_NULL_CONVERSION = YES;
				CLANG_WARN_OBJC_IMPLICIT_RETAIN_SELF = YES;
				CLANG_WARN_OBJC_LITERAL_CONVERSION = YES;
				CLANG_WARN_OBJC_ROOT_CLASS = YES_ERROR;
				CLANG_WARN_RANGE_LOOP_ANALYSIS = YES;
				CLANG_WARN_STRICT_PROTOTYPES = YES;
				CLANG_WARN_SUSPICIOUS_MOVE = YES;
				CLANG_WARN_UNGUARDED_AVAILABILITY = YES_AGGRESSIVE;
				CLANG_WARN_UNREACHABLE_CODE = YES;
				CLANG_WARN__DUPLICATE_METHOD_MATCH = YES;
				COPY_PHASE_STRIP = NO;
				DEBUG_INFORMATION_FORMAT = "dwarf-with-dsym";
				ENABLE_NS_ASSERTIONS = NO;
				ENABLE_STRICT_OBJC_MSGSEND = YES;
				GCC_C_LANGUAGE_STANDARD = gnu11;
				GCC_NO_COMMON_BLOCKS = YES;
				GCC_WARN_64_TO_32_BIT_CONVERSION = YES;
				GCC_WARN_ABOUT_RETURN_TYPE = YES_ERROR;
				GCC_WARN_UNDECLARED_SELECTOR = YES;
				GCC_WARN_UNINITIALIZED_AUTOS = YES_AGGRESSIVE;
				GCC_WARN_UNUSED_FUNCTION = YES;
				GCC_WARN_UNUSED_VARIABLE = YES;
				IPHONEOS_DEPLOYMENT_TARGET = 13.1;
				MTL_ENABLE_DEBUG_INFO = NO;
				MTL_FAST_MATH = YES;
				SDKROOT = iphoneos;
				SWIFT_COMPILATION_MODE = wholemodule;
				SWIFT_OPTIMIZATION_LEVEL = "-O";
				VALIDATE_PRODUCT = YES;
			};
			name = Release;
		};
		9A555356235D5CD60030F480 /* Debug */ = {
			isa = XCBuildConfiguration;
			buildSettings = {
				ASSETCATALOG_COMPILER_APPICON_NAME = AppIcon;
				CODE_SIGN_STYLE = Automatic;
				DEVELOPMENT_ASSET_PATHS = "\"FlowerSwiftUI/Preview Content\"";
				ENABLE_PREVIEWS = YES;
				INFOPLIST_FILE = FlowerSwiftUI/Info.plist;
				LD_RUNPATH_SEARCH_PATHS = (
					"$(inherited)",
					"@executable_path/Frameworks",
				);
				PRODUCT_BUNDLE_IDENTIFIER = labu.labu.FlowerSwiftUI;
				PRODUCT_NAME = "$(TARGET_NAME)";
				SWIFT_VERSION = 5.0;
				TARGETED_DEVICE_FAMILY = "1,2";
			};
			name = Debug;
		};
		9A555357235D5CD60030F480 /* Release */ = {
			isa = XCBuildConfiguration;
			buildSettings = {
				ASSETCATALOG_COMPILER_APPICON_NAME = AppIcon;
				CODE_SIGN_STYLE = Automatic;
				DEVELOPMENT_ASSET_PATHS = "\"FlowerSwiftUI/Preview Content\"";
				ENABLE_PREVIEWS = YES;
				INFOPLIST_FILE = FlowerSwiftUI/Info.plist;
				LD_RUNPATH_SEARCH_PATHS = (
					"$(inherited)",
					"@executable_path/Frameworks",
				);
				PRODUCT_BUNDLE_IDENTIFIER = labu.labu.FlowerSwiftUI;
				PRODUCT_NAME = "$(TARGET_NAME)";
				SWIFT_VERSION = 5.0;
				TARGETED_DEVICE_FAMILY = "1,2";
			};
			name = Release;
		};
		9A555359235D5CD60030F480 /* Debug */ = {
			isa = XCBuildConfiguration;
			buildSettings = {
				ALWAYS_EMBED_SWIFT_STANDARD_LIBRARIES = YES;
				BUNDLE_LOADER = "$(TEST_HOST)";
				CODE_SIGN_STYLE = Automatic;
				INFOPLIST_FILE = FlowerSwiftUITests/Info.plist;
				IPHONEOS_DEPLOYMENT_TARGET = 13.1;
				LD_RUNPATH_SEARCH_PATHS = (
					"$(inherited)",
					"@executable_path/Frameworks",
					"@loader_path/Frameworks",
				);
				PRODUCT_BUNDLE_IDENTIFIER = labu.labu.FlowerSwiftUITests;
				PRODUCT_NAME = "$(TARGET_NAME)";
				SWIFT_VERSION = 5.0;
				TARGETED_DEVICE_FAMILY = "1,2";
				TEST_HOST = "$(BUILT_PRODUCTS_DIR)/FlowerSwiftUI.app/FlowerSwiftUI";
			};
			name = Debug;
		};
		9A55535A235D5CD60030F480 /* Release */ = {
			isa = XCBuildConfiguration;
			buildSettings = {
				ALWAYS_EMBED_SWIFT_STANDARD_LIBRARIES = YES;
				BUNDLE_LOADER = "$(TEST_HOST)";
				CODE_SIGN_STYLE = Automatic;
				INFOPLIST_FILE = FlowerSwiftUITests/Info.plist;
				IPHONEOS_DEPLOYMENT_TARGET = 13.1;
				LD_RUNPATH_SEARCH_PATHS = (
					"$(inherited)",
					"@executable_path/Frameworks",
					"@loader_path/Frameworks",
				);
				PRODUCT_BUNDLE_IDENTIFIER = labu.labu.FlowerSwiftUITests;
				PRODUCT_NAME = "$(TARGET_NAME)";
				SWIFT_VERSION = 5.0;
				TARGETED_DEVICE_FAMILY = "1,2";
				TEST_HOST = "$(BUILT_PRODUCTS_DIR)/FlowerSwiftUI.app/FlowerSwiftUI";
			};
			name = Release;
		};
		9A55535C235D5CD60030F480 /* Debug */ = {
			isa = XCBuildConfiguration;
			buildSettings = {
				ALWAYS_EMBED_SWIFT_STANDARD_LIBRARIES = YES;
				CODE_SIGN_STYLE = Automatic;
				INFOPLIST_FILE = FlowerSwiftUIUITests/Info.plist;
				LD_RUNPATH_SEARCH_PATHS = (
					"$(inherited)",
					"@executable_path/Frameworks",
					"@loader_path/Frameworks",
				);
				PRODUCT_BUNDLE_IDENTIFIER = labu.labu.FlowerSwiftUIUITests;
				PRODUCT_NAME = "$(TARGET_NAME)";
				SWIFT_VERSION = 5.0;
				TARGETED_DEVICE_FAMILY = "1,2";
				TEST_TARGET_NAME = FlowerSwiftUI;
			};
			name = Debug;
		};
		9A55535D235D5CD60030F480 /* Release */ = {
			isa = XCBuildConfiguration;
			buildSettings = {
				ALWAYS_EMBED_SWIFT_STANDARD_LIBRARIES = YES;
				CODE_SIGN_STYLE = Automatic;
				INFOPLIST_FILE = FlowerSwiftUIUITests/Info.plist;
				LD_RUNPATH_SEARCH_PATHS = (
					"$(inherited)",
					"@executable_path/Frameworks",
					"@loader_path/Frameworks",
				);
				PRODUCT_BUNDLE_IDENTIFIER = labu.labu.FlowerSwiftUIUITests;
				PRODUCT_NAME = "$(TARGET_NAME)";
				SWIFT_VERSION = 5.0;
				TARGETED_DEVICE_FAMILY = "1,2";
				TEST_TARGET_NAME = FlowerSwiftUI;
			};
			name = Release;
		};
/* End XCBuildConfiguration section */

/* Begin XCConfigurationList section */
		9A555326235D5CD40030F480 /* Build configuration list for PBXProject "FlowerSwiftUI" */ = {
			isa = XCConfigurationList;
			buildConfigurations = (
				9A555353235D5CD60030F480 /* Debug */,
				9A555354235D5CD60030F480 /* Release */,
			);
			defaultConfigurationIsVisible = 0;
			defaultConfigurationName = Release;
		};
		9A555355235D5CD60030F480 /* Build configuration list for PBXNativeTarget "FlowerSwiftUI" */ = {
			isa = XCConfigurationList;
			buildConfigurations = (
				9A555356235D5CD60030F480 /* Debug */,
				9A555357235D5CD60030F480 /* Release */,
			);
			defaultConfigurationIsVisible = 0;
			defaultConfigurationName = Release;
		};
		9A555358235D5CD60030F480 /* Build configuration list for PBXNativeTarget "FlowerSwiftUITests" */ = {
			isa = XCConfigurationList;
			buildConfigurations = (
				9A555359235D5CD60030F480 /* Debug */,
				9A55535A235D5CD60030F480 /* Release */,
			);
			defaultConfigurationIsVisible = 0;
			defaultConfigurationName = Release;
		};
		9A55535B235D5CD60030F480 /* Build configuration list for PBXNativeTarget "FlowerSwiftUIUITests" */ = {
			isa = XCConfigurationList;
			buildConfigurations = (
				9A55535C235D5CD60030F480 /* Debug */,
				9A55535D235D5CD60030F480 /* Release */,
			);
			defaultConfigurationIsVisible = 0;
			defaultConfigurationName = Release;
		};
/* End XCConfigurationList section */
	};
	rootObject = 9A555323235D5CD40030F480 /* Project object */;
}
